// !$*UTF8*$!
{
	archiveVersion = 1;
	classes = {
	};
	objectVersion = 50;
	objects = {

/* Begin PBXBuildFile section */
		52BD9FE4217DAFE900CDF688 /* AppDelegate.swift in Sources */ = {isa = PBXBuildFile; fileRef = 52BD9FE3217DAFE900CDF688 /* AppDelegate.swift */; };
		52BD9FE6217DAFE900CDF688 /* ViewController.swift in Sources */ = {isa = PBXBuildFile; fileRef = 52BD9FE5217DAFE900CDF688 /* ViewController.swift */; };
		52BD9FE9217DAFE900CDF688 /* Main.storyboard in Resources */ = {isa = PBXBuildFile; fileRef = 52BD9FE7217DAFE900CDF688 /* Main.storyboard */; };
		52BD9FEB217DAFEA00CDF688 /* Assets.xcassets in Resources */ = {isa = PBXBuildFile; fileRef = 52BD9FEA217DAFEA00CDF688 /* Assets.xcassets */; };
		52BD9FEE217DAFEA00CDF688 /* LaunchScreen.storyboard in Resources */ = {isa = PBXBuildFile; fileRef = 52BD9FEC217DAFEA00CDF688 /* LaunchScreen.storyboard */; };
/* End PBXBuildFile section */

/* Begin PBXFileReference section */
		52BD9FE0217DAFE900CDF688 /* MapKitIOS.app */ = {isa = PBXFileReference; explicitFileType = wrapper.application; includeInIndex = 0; path = MapKitIOS.app; sourceTree = BUILT_PRODUCTS_DIR; };
		52BD9FE3217DAFE900CDF688 /* AppDelegate.swift */ = {isa = PBXFileReference; lastKnownFileType = sourcecode.swift; path = AppDelegate.swift; sourceTree = "<group>"; };
		52BD9FE5217DAFE900CDF688 /* ViewController.swift */ = {isa = PBXFileReference; lastKnownFileType = sourcecode.swift; path = ViewController.swift; sourceTree = "<group>"; };
		52BD9FE8217DAFE900CDF688 /* Base */ = {isa = PBXFileReference; lastKnownFileType = file.storyboard; name = Base; path = Base.lproj/Main.storyboard; sourceTree = "<group>"; };
		52BD9FEA217DAFEA00CDF688 /* Assets.xcassets */ = {isa = PBXFileReference; lastKnownFileType = folder.assetcatalog; path = Assets.xcassets; sourceTree = "<group>"; };
		52BD9FED217DAFEA00CDF688 /* Base */ = {isa = PBXFileReference; lastKnownFileType = file.storyboard; name = Base; path = Base.lproj/LaunchScreen.storyboard; sourceTree = "<group>"; };
		52BD9FEF217DAFEA00CDF688 /* Info.plist */ = {isa = PBXFileReference; lastKnownFileType = text.plist.xml; path = Info.plist; sourceTree = "<group>"; };
/* End PBXFileReference section */

/* Begin PBXFrameworksBuildPhase section */
		52BD9FDD217DAFE900CDF688 /* Frameworks */ = {
			isa = PBXFrameworksBuildPhase;
			buildActionMask = 2147483647;
			files = (
			);
			runOnlyForDeploymentPostprocessing = 0;
		};
/* End PBXFrameworksBuildPhase section */

/* Begin PBXGroup section */
		52BD9FD7217DAFE900CDF688 = {
			isa = PBXGroup;
			children = (
				52BD9FE2217DAFE900CDF688 /* MapKitIOS */,
				52BD9FE1217DAFE900CDF688 /* Products */,
			);
			sourceTree = "<group>";
		};
		52BD9FE1217DAFE900CDF688 /* Products */ = {
			isa = PBXGroup;
			children = (
				52BD9FE0217DAFE900CDF688 /* MapKitIOS.app */,
			);
			name = Products;
			sourceTree = "<group>";
		};
		52BD9FE2217DAFE900CDF688 /* MapKitIOS */ = {
			isa = PBXGroup;
			children = (
				52BD9FE3217DAFE900CDF688 /* AppDelegate.swift */,
				52BD9FE5217DAFE900CDF688 /* ViewController.swift */,
				52BD9FE7217DAFE900CDF688 /* Main.storyboard */,
				52BD9FEA217DAFEA00CDF688 /* Assets.xcassets */,
				52BD9FEC217DAFEA00CDF688 /* LaunchScreen.storyboard */,
				52BD9FEF217DAFEA00CDF688 /* Info.plist */,
			);
			path = MapKitIOS;
			sourceTree = "<group>";
		};
/* End PBXGroup section */

/* Begin PBXNativeTarget section */
		52BD9FDF217DAFE900CDF688 /* MapKitIOS */ = {
			isa = PBXNativeTarget;
			buildConfigurationList = 52BD9FF2217DAFEA00CDF688 /* Build configuration list for PBXNativeTarget "MapKitIOS" */;
			buildPhases = (
				52BD9FDC217DAFE900CDF688 /* Sources */,
				52BD9FDD217DAFE900CDF688 /* Frameworks */,
				52BD9FDE217DAFE900CDF688 /* Resources */,
			);
			buildRules = (
			);
			dependencies = (
			);
			name = MapKitIOS;
			productName = MapKitIOS;
			productReference = 52BD9FE0217DAFE900CDF688 /* MapKitIOS.app */;
			productType = "com.apple.product-type.application";
		};
/* End PBXNativeTarget section */

/* Begin PBXProject section */
		52BD9FD8217DAFE900CDF688 /* Project object */ = {
			isa = PBXProject;
			attributes = {
				LastSwiftUpdateCheck = 0940;
				LastUpgradeCheck = 0940;
				ORGANIZATIONNAME = "Fathur Rizki Rahmadi";
				TargetAttributes = {
					52BD9FDF217DAFE900CDF688 = {
						CreatedOnToolsVersion = 9.4;
					};
				};
			};
			buildConfigurationList = 52BD9FDB217DAFE900CDF688 /* Build configuration list for PBXProject "MapKitIOS" */;
			compatibilityVersion = "Xcode 9.3";
			developmentRegion = en;
			hasScannedForEncodings = 0;
			knownRegions = (
				en,
				Base,
			);
			mainGroup = 52BD9FD7217DAFE900CDF688;
			productRefGroup = 52BD9FE1217DAFE900CDF688 /* Products */;
			projectDirPath = "";
			projectRoot = "";
			targets = (
				52BD9FDF217DAFE900CDF688 /* MapKitIOS */,
			);
		};
/* End PBXProject section */

/* Begin PBXResourcesBuildPhase section */
		52BD9FDE217DAFE900CDF688 /* Resources */ = {
			isa = PBXResourcesBuildPhase;
			buildActionMask = 2147483647;
			files = (
				52BD9FEE217DAFEA00CDF688 /* LaunchScreen.storyboard in Resources */,
				52BD9FEB217DAFEA00CDF688 /* Assets.xcassets in Resources */,
				52BD9FE9217DAFE900CDF688 /* Main.storyboard in Resources */,
			);
			runOnlyForDeploymentPostprocessing = 0;
		};
/* End PBXResourcesBuildPhase section */

/* Begin PBXSourcesBuildPhase section */
		52BD9FDC217DAFE900CDF688 /* Sources */ = {
			isa = PBXSourcesBuildPhase;
			buildActionMask = 2147483647;
			files = (
				52BD9FE6217DAFE900CDF688 /* ViewController.swift in Sources */,
				52BD9FE4217DAFE900CDF688 /* AppDelegate.swift in Sources */,
			);
			runOnlyForDeploymentPostprocessing = 0;
		};
/* End PBXSourcesBuildPhase section */

/* Begin PBXVariantGroup section */
		52BD9FE7217DAFE900CDF688 /* Main.storyboard */ = {
			isa = PBXVariantGroup;
			children = (
				52BD9FE8217DAFE900CDF688 /* Base */,
			);
			name = Main.storyboard;
			sourceTree = "<group>";
		};
		52BD9FEC217DAFEA00CDF688 /* LaunchScreen.storyboard */ = {
			isa = PBXVariantGroup;
			children = (
				52BD9FED217DAFEA00CDF688 /* Base */,
			);
			name = LaunchScreen.storyboard;
			sourceTree = "<group>";
		};
/* End PBXVariantGroup section */

/* Begin XCBuildConfiguration section */
		52BD9FF0217DAFEA00CDF688 /* Debug */ = {
			isa = XCBuildConfiguration;
			buildSettings = {
				ALWAYS_SEARCH_USER_PATHS = NO;
				CLANG_ANALYZER_NONNULL = YES;
				CLANG_ANALYZER_NUMBER_OBJECT_CONVERSION = YES_AGGRESSIVE;
				CLANG_CXX_LANGUAGE_STANDARD = "gnu++14";
				CLANG_CXX_LIBRARY = "libc++";
				CLANG_ENABLE_MODULES = YES;
				CLANG_ENABLE_OBJC_ARC = YES;
				CLANG_ENABLE_OBJC_WEAK = YES;
				CLANG_WARN_BLOCK_CAPTURE_AUTORELEASING = YES;
				CLANG_WARN_BOOL_CONVERSION = YES;
				CLANG_WARN_COMMA = YES;
				CLANG_WARN_CONSTANT_CONVERSION = YES;
				CLANG_WARN_DEPRECATED_OBJC_IMPLEMENTATIONS = YES;
				CLANG_WARN_DIRECT_OBJC_ISA_USAGE = YES_ERROR;
				CLANG_WARN_DOCUMENTATION_COMMENTS = YES;
				CLANG_WARN_EMPTY_BODY = YES;
				CLANG_WARN_ENUM_CONVERSION = YES;
				CLANG_WARN_INFINITE_RECURSION = YES;
				CLANG_WARN_INT_CONVERSION = YES;
				CLANG_WARN_NON_LITERAL_NULL_CONVERSION = YES;
				CLANG_WARN_OBJC_IMPLICIT_RETAIN_SELF = YES;
				CLANG_WARN_OBJC_LITERAL_CONVERSION = YES;
				CLANG_WARN_OBJC_ROOT_CLASS = YES_ERROR;
				CLANG_WARN_RANGE_LOOP_ANALYSIS = YES;
				CLANG_WARN_STRICT_PROTOTYPES = YES;
				CLANG_WARN_SUSPICIOUS_MOVE = YES;
				CLANG_WARN_UNGUARDED_AVAILABILITY = YES_AGGRESSIVE;
				CLANG_WARN_UNREACHABLE_CODE = YES;
				CLANG_WARN__DUPLICATE_METHOD_MATCH = YES;
				CODE_SIGN_IDENTITY = "iPhone Developer";
				COPY_PHASE_STRIP = NO;
				DEBUG_INFORMATION_FORMAT = dwarf;
				ENABLE_STRICT_OBJC_MSGSEND = YES;
				ENABLE_TESTABILITY = YES;
				GCC_C_LANGUAGE_STANDARD = gnu11;
				GCC_DYNAMIC_NO_PIC = NO;
				GCC_NO_COMMON_BLOCKS = YES;
				GCC_OPTIMIZATION_LEVEL = 0;
				GCC_PREPROCESSOR_DEFINITIONS = (
					"DEBUG=1",
					"$(inherited)",
				);
				GCC_WARN_64_TO_32_BIT_CONVERSION = YES;
				GCC_WARN_ABOUT_RETURN_TYPE = YES_ERROR;
				GCC_WARN_UNDECLARED_SELECTOR = YES;
				GCC_WARN_UNINITIALIZED_AUTOS = YES_AGGRESSIVE;
				GCC_WARN_UNUSED_FUNCTION = YES;
				GCC_WARN_UNUSED_VARIABLE = YES;
				IPHONEOS_DEPLOYMENT_TARGET = 11.4;
				MTL_ENABLE_DEBUG_INFO = YES;
				ONLY_ACTIVE_ARCH = YES;
				SDKROOT = iphoneos;
				SWIFT_ACTIVE_COMPILATION_CONDITIONS = DEBUG;
				SWIFT_OPTIMIZATION_LEVEL = "-Onone";
			};
			name = Debug;
		};
		52BD9FF1217DAFEA00CDF688 /* Release */ = {
			isa = XCBuildConfiguration;
			buildSettings = {
				ALWAYS_SEARCH_USER_PATHS = NO;
				CLANG_ANALYZER_NONNULL = YES;
				CLANG_ANALYZER_NUMBER_OBJECT_CONVERSION = YES_AGGRESSIVE;
				CLANG_CXX_LANGUAGE_STANDARD = "gnu++14";
				CLANG_CXX_LIBRARY = "libc++";
				CLANG_ENABLE_MODULES = YES;
				CLANG_ENABLE_OBJC_ARC = YES;
				CLANG_ENABLE_OBJC_WEAK = YES;
				CLANG_WARN_BLOCK_CAPTURE_AUTORELEASING = YES;
				CLANG_WARN_BOOL_CONVERSION = YES;
				CLANG_WARN_COMMA = YES;
				CLANG_WARN_CONSTANT_CONVERSION = YES;
				CLANG_WARN_DEPRECATED_OBJC_IMPLEMENTATIONS = YES;
				CLANG_WARN_DIRECT_OBJC_ISA_USAGE = YES_ERROR;
				CLANG_WARN_DOCUMENTATION_COMMENTS = YES;
				CLANG_WARN_EMPTY_BODY = YES;
				CLANG_WARN_ENUM_CONVERSION = YES;
				CLANG_WARN_INFINITE_RECURSION = YES;
				CLANG_WARN_INT_CONVERSION = YES;
				CLANG_WARN_NON_LITERAL_NULL_CONVERSION = YES;
				CLANG_WARN_OBJC_IMPLICIT_RETAIN_SELF = YES;
				CLANG_WARN_OBJC_LITERAL_CONVERSION = YES;
				CLANG_WARN_OBJC_ROOT_CLASS = YES_ERROR;
				CLANG_WARN_RANGE_LOOP_ANALYSIS = YES;
				CLANG_WARN_STRICT_PROTOTYPES = YES;
				CLANG_WARN_SUSPICIOUS_MOVE = YES;
				CLANG_WARN_UNGUARDED_AVAILABILITY = YES_AGGRESSIVE;
				CLANG_WARN_UNREACHABLE_CODE = YES;
				CLANG_WARN__DUPLICATE_METHOD_MATCH = YES;
				CODE_SIGN_IDENTITY = "iPhone Developer";
				COPY_PHASE_STRIP = NO;
				DEBUG_INFORMATION_FORMAT = "dwarf-with-dsym";
				ENABLE_NS_ASSERTIONS = NO;
				ENABLE_STRICT_OBJC_MSGSEND = YES;
				GCC_C_LANGUAGE_STANDARD = gnu11;
				GCC_NO_COMMON_BLOCKS = YES;
				GCC_WARN_64_TO_32_BIT_CONVERSION = YES;
				GCC_WARN_ABOUT_RETURN_TYPE = YES_ERROR;
				GCC_WARN_UNDECLARED_SELECTOR = YES;
				GCC_WARN_UNINITIALIZED_AUTOS = YES_AGGRESSIVE;
				GCC_WARN_UNUSED_FUNCTION = YES;
				GCC_WARN_UNUSED_VARIABLE = YES;
				IPHONEOS_DEPLOYMENT_TARGET = 11.4;
				MTL_ENABLE_DEBUG_INFO = NO;
				SDKROOT = iphoneos;
				SWIFT_COMPILATION_MODE = wholemodule;
				SWIFT_OPTIMIZATION_LEVEL = "-O";
				VALIDATE_PRODUCT = YES;
			};
			name = Release;
		};
		52BD9FF3217DAFEA00CDF688 /* Debug */ = {
			isa = XCBuildConfiguration;
			buildSettings = {
				ASSETCATALOG_COMPILER_APPICON_NAME = AppIcon;
				CODE_SIGN_STYLE = Automatic;
				DEVELOPMENT_TEAM = 4U7N473U7U;
				INFOPLIST_FILE = MapKitIOS/Info.plist;
				LD_RUNPATH_SEARCH_PATHS = (
					"$(inherited)",
					"@executable_path/Frameworks",
				);
				PRODUCT_BUNDLE_IDENTIFIER = fathur.MapKitIOS;
				PRODUCT_NAME = "$(TARGET_NAME)";
				SWIFT_VERSION = 4.0;
				TARGETED_DEVICE_FAMILY = "1,2";
			};
			name = Debug;
		};
		52BD9FF4217DAFEA00CDF688 /* Release */ = {
			isa = XCBuildConfiguration;
			buildSettings = {
				ASSETCATALOG_COMPILER_APPICON_NAME = AppIcon;
				CODE_SIGN_STYLE = Automatic;
				DEVELOPMENT_TEAM = 4U7N473U7U;
				INFOPLIST_FILE = MapKitIOS/Info.plist;
				LD_RUNPATH_SEARCH_PATHS = (
					"$(inherited)",
					"@executable_path/Frameworks",
				);
				PRODUCT_BUNDLE_IDENTIFIER = fathur.MapKitIOS;
				PRODUCT_NAME = "$(TARGET_NAME)";
				SWIFT_VERSION = 4.0;
				TARGETED_DEVICE_FAMILY = "1,2";
			};
			name = Release;
		};
/* End XCBuildConfiguration section */

/* Begin XCConfigurationList section */
		52BD9FDB217DAFE900CDF688 /* Build configuration list for PBXProject "MapKitIOS" */ = {
			isa = XCConfigurationList;
			buildConfigurations = (
				52BD9FF0217DAFEA00CDF688 /* Debug */,
				52BD9FF1217DAFEA00CDF688 /* Release */,
			);
			defaultConfigurationIsVisible = 0;
			defaultConfigurationName = Release;
		};
		52BD9FF2217DAFEA00CDF688 /* Build configuration list for PBXNativeTarget "MapKitIOS" */ = {
			isa = XCConfigurationList;
			buildConfigurations = (
				52BD9FF3217DAFEA00CDF688 /* Debug */,
				52BD9FF4217DAFEA00CDF688 /* Release */,
			);
			defaultConfigurationIsVisible = 0;
			defaultConfigurationName = Release;
		};
/* End XCConfigurationList section */
	};
	rootObject = 52BD9FD8217DAFE900CDF688 /* Project object */;
}
